
Microsoft Visual Studio Solution File, Format Version 12.00
# Visual Studio Version 17
VisualStudioVersion = 17.9.34723.18
MinimumVisualStudioVersion = 10.0.40219.1
Project("{FAE04EC0-301F-11D3-BF4B-00C04F79EFBC}") = "WebBanSach", "WebBanSach\WebBanSach.csproj", "{AB465E79-E1EF-43FA-8970-23FF67EFE041}"
EndProject
Global
	GlobalSection(SolutionConfigurationPlatforms) = preSolution
		Debug|Any CPU = Debug|Any CPU
		Release|Any CPU = Release|Any CPU
	EndGlobalSection
	GlobalSection(ProjectConfigurationPlatforms) = postSolution
		{AB465E79-E1EF-43FA-8970-23FF67EFE041}.Debug|Any CPU.ActiveCfg = Debug|Any CPU
		{AB465E79-E1EF-43FA-8970-23FF67EFE041}.Debug|Any CPU.Build.0 = Debug|Any CPU
		{AB465E79-E1EF-43FA-8970-23FF67EFE041}.Release|Any CPU.ActiveCfg = Release|Any CPU
		{AB465E79-E1EF-43FA-8970-23FF67EFE041}.Release|Any CPU.Build.0 = Release|Any CPU
	EndGlobalSection
	GlobalSection(SolutionProperties) = preSolution
		HideSolutionNode = FALSE
	EndGlobalSection
	GlobalSection(ExtensibilityGlobals) = postSolution
		SolutionGuid = {0662DE0C-5A17-4B7C-B77B-217E97798B57}
	EndGlobalSection
EndGlobal
